
Microsoft Visual Studio Solution File, Format Version 12.00
# Visual Studio Version 17
VisualStudioVersion = 17.11.35312.102
MinimumVisualStudioVersion = 10.0.40219.1
Project("{FAE04EC0-301F-11D3-BF4B-00C04F79EFBC}") = "Biblioteca Virtual", "Biblioteca Virtual\Biblioteca Virtual.csproj", "{19C596D3-44C9-422C-B44A-4AAF6B4E3A9F}"
EndProject
Global
	GlobalSection(SolutionConfigurationPlatforms) = preSolution
		Debug|Any CPU = Debug|Any CPU
		Release|Any CPU = Release|Any CPU
	EndGlobalSection
	GlobalSection(ProjectConfigurationPlatforms) = postSolution
		{19C596D3-44C9-422C-B44A-4AAF6B4E3A9F}.Debug|Any CPU.ActiveCfg = Debug|Any CPU
		{19C596D3-44C9-422C-B44A-4AAF6B4E3A9F}.Debug|Any CPU.Build.0 = Debug|Any CPU
		{19C596D3-44C9-422C-B44A-4AAF6B4E3A9F}.Release|Any CPU.ActiveCfg = Release|Any CPU
		{19C596D3-44C9-422C-B44A-4AAF6B4E3A9F}.Release|Any CPU.Build.0 = Release|Any CPU
	EndGlobalSection
	GlobalSection(SolutionProperties) = preSolution
		HideSolutionNode = FALSE
	EndGlobalSection
	GlobalSection(ExtensibilityGlobals) = postSolution
		SolutionGuid = {ED285B6B-5CF3-42B5-9A22-E627E550D5E9}
	EndGlobalSection
EndGlobal
